{
  "name": "interview_test_task",
  "version": "1.0.0",
  "lockfileVersion": 1,
  "requires": true,
  "dependencies": {
    "assertion-error": {
      "version": "1.0.2",
      "resolved": "http://intouch-mss.kruschecloud.com:80/assertion-error/-/assertion-error-1.0.2.tgz",
      "integrity": "sha1-E8pRXYYgbaC6xm6DTdOX2HWBCUw="
    },
    "balanced-match": {
      "version": "https://registry.npmjs.org/balanced-match/-/balanced-match-0.4.2.tgz",
      "integrity": "sha1-yz8+PHMtwPAe5wtAPzAuYddwmDg="
    },
    "brace-expansion": {
      "version": "https://registry.npmjs.org/brace-expansion/-/brace-expansion-1.1.7.tgz",
      "integrity": "sha1-Pv/DxQ4ABTH7cg6v+A8K6O8jz1k=",
      "requires": {
        "balanced-match": "https://registry.npmjs.org/balanced-match/-/balanced-match-0.4.2.tgz",
        "concat-map": "https://registry.npmjs.org/concat-map/-/concat-map-0.0.1.tgz"
      }
    },
    "browser-stdout": {
      "version": "1.3.0",
      "resolved": "http://intouch-mss.kruschecloud.com:80/browser-stdout/-/browser-stdout-1.3.0.tgz",
      "integrity": "sha1-81HTKWnTL6XXpVZxVCY9korjvR8="
    },
    "chai": {
      "version": "4.1.0",
      "resolved": "http://intouch-mss.kruschecloud.com:80/chai/-/chai-4.1.0.tgz",
      "integrity": "sha1-MxoDkbVcOvh0CunDt0WLwcOAXm0=",
      "requires": {
        "assertion-error": "1.0.2",
        "check-error": "1.0.2",
        "deep-eql": "2.0.2",
        "get-func-name": "2.0.0",
        "pathval": "1.1.0",
        "type-detect": "4.0.3"
      }
    },
    "check-error": {
      "version": "1.0.2",
      "resolved": "http://intouch-mss.kruschecloud.com:80/check-error/-/check-error-1.0.2.tgz",
      "integrity": "sha1-V00xLt2Iu13YkS6Sht1sCu1KrII="
    },
    "commander": {
      "version": "2.9.0",
      "resolved": "http://intouch-mss.kruschecloud.com:80/commander/-/commander-2.9.0.tgz",
      "integrity": "sha1-nJkJQXbhIkDLItbFFGCYQA/g99Q=",
      "requires": {
        "graceful-readlink": "1.0.1"
      }
    },
    "concat-map": {
      "version": "https://registry.npmjs.org/concat-map/-/concat-map-0.0.1.tgz",
      "integrity": "sha1-2Klr13/Wjfd5OnMDajug1UBdR3s="
    },
    "debug": {
      "version": "2.2.0",
      "resolved": "http://intouch-mss.kruschecloud.com:80/debug/-/debug-2.2.0.tgz",
      "integrity": "sha1-+HBX6ZWxofauaklgZkE3vFbwOdo=",
      "requires": {
        "ms": "0.7.1"
      }
    },
    "deep-eql": {
      "version": "2.0.2",
      "resolved": "http://intouch-mss.kruschecloud.com:80/deep-eql/-/deep-eql-2.0.2.tgz",
      "integrity": "sha1-sbrAblbwp2d3aG1Qyf63XC7XZ5o=",
      "requires": {
        "type-detect": "3.0.0"
      },
      "dependencies": {
        "type-detect": {
          "version": "3.0.0",
          "resolved": "http://intouch-mss.kruschecloud.com:80/type-detect/-/type-detect-3.0.0.tgz",
          "integrity": "sha1-RtDMhVOrt7E6NSsNbeov1Y8tm1U="
        }
      }
    },
    "diff": {
      "version": "1.4.0",
      "resolved": "http://intouch-mss.kruschecloud.com:80/diff/-/diff-1.4.0.tgz",
      "integrity": "sha1-fyjS657nsVqX79ic5j3P2qPMur8="
    },
    "escape-string-regexp": {
      "version": "https://registry.npmjs.org/escape-string-regexp/-/escape-string-regexp-1.0.5.tgz",
      "integrity": "sha1-G2HAViGQqN/2rjuyzwIAyhMLhtQ="
    },
    "fs-extra": {
      "version": "3.0.1",
      "resolved": "http://intouch-mss.kruschecloud.com:80/fs-extra/-/fs-extra-3.0.1.tgz",
      "integrity": "sha1-N5TzeMWLNC6n27sjCVEJxLO2IpE=",
      "requires": {
        "graceful-fs": "4.1.11",
        "jsonfile": "3.0.1",
        "universalify": "0.1.1"
      },
      "dependencies": {
        "graceful-fs": {
          "version": "4.1.11",
          "resolved": "http://intouch-mss.kruschecloud.com:80/graceful-fs/-/graceful-fs-4.1.11.tgz",
          "integrity": "sha1-Dovf5NHduIVNZOBOp8AOKgJuVlg="
        },
        "universalify": {
          "version": "0.1.1",
          "resolved": "http://intouch-mss.kruschecloud.com:80/universalify/-/universalify-0.1.1.tgz",
          "integrity": "sha1-+nG63UQ3r0wUiEHjs7Fl+enlkLc="
        }
      }
    },
    "fs.realpath": {
      "version": "https://registry.npmjs.org/fs.realpath/-/fs.realpath-1.0.0.tgz",
      "integrity": "sha1-FQStJSMVjKpA20onh8sBQRmU6k8="
    },
    "get-func-name": {
      "version": "2.0.0",
      "resolved": "http://intouch-mss.kruschecloud.com:80/get-func-name/-/get-func-name-2.0.0.tgz",
      "integrity": "sha1-6td0q+5y4gQJQzoGY2YCPdaIekE="
    },
    "glob": {
      "version": "https://registry.npmjs.org/glob/-/glob-7.0.5.tgz",
      "integrity": "sha1-tCAqaQmbu00pKnwblbZoK2fr3JU=",
      "requires": {
        "fs.realpath": "https://registry.npmjs.org/fs.realpath/-/fs.realpath-1.0.0.tgz",
        "inflight": "https://registry.npmjs.org/inflight/-/inflight-1.0.6.tgz",
        "inherits": "https://registry.npmjs.org/inherits/-/inherits-2.0.3.tgz",
        "minimatch": "https://registry.npmjs.org/minimatch/-/minimatch-3.0.3.tgz",
        "once": "https://registry.npmjs.org/once/-/once-1.4.0.tgz",
        "path-is-absolute": "https://registry.npmjs.org/path-is-absolute/-/path-is-absolute-1.0.1.tgz"
      }
    },
    "graceful-readlink": {
      "version": "1.0.1",
      "resolved": "http://intouch-mss.kruschecloud.com:80/graceful-readlink/-/graceful-readlink-1.0.1.tgz",
      "integrity": "sha1-TK+tdrxi8C+gObL5Tpo906ORpyU="
    },
    "growl": {
      "version": "1.9.2",
      "resolved": "http://intouch-mss.kruschecloud.com:80/growl/-/growl-1.9.2.tgz",
      "integrity": "sha1-Dqd0NxXbjY3ixe3hd14bRayFwC8="
    },
    "has-flag": {
      "version": "1.0.0",
      "resolved": "http://intouch-mss.kruschecloud.com:80/has-flag/-/has-flag-1.0.0.tgz",
      "integrity": "sha1-nZ55MWXOAXoA8AQYxD+UKnsdEfo="
    },
    "inflight": {
      "version": "https://registry.npmjs.org/inflight/-/inflight-1.0.6.tgz",
      "integrity": "sha1-Sb1jMdfQLQwJvJEKEHW6gWW1bfk=",
      "requires": {
        "once": "https://registry.npmjs.org/once/-/once-1.4.0.tgz",
        "wrappy": "https://registry.npmjs.org/wrappy/-/wrappy-1.0.2.tgz"
      }
    },
    "inherits": {
      "version": "https://registry.npmjs.org/inherits/-/inherits-2.0.3.tgz",
      "integrity": "sha1-Yzwsg+PaQqUC9SRmAiSA9CCCYd4="
    },
    "json3": {
      "version": "3.3.2",
      "resolved": "http://intouch-mss.kruschecloud.com:80/json3/-/json3-3.3.2.tgz",
      "integrity": "sha1-PAQ0dD35Pi9cQq7nsZvLSDV19OE="
    },
    "jsonfile": {
      "version": "3.0.1",
      "resolved": "http://intouch-mss.kruschecloud.com:80/jsonfile/-/jsonfile-3.0.1.tgz",
      "integrity": "sha1-pezG9l9T9mLEQVx2daAzHQmS7GY=",
      "requires": {
        "graceful-fs": "4.1.11"
      },
      "dependencies": {
        "graceful-fs": {
          "version": "4.1.11",
          "resolved": "http://intouch-mss.kruschecloud.com:80/graceful-fs/-/graceful-fs-4.1.11.tgz",
          "integrity": "sha1-Dovf5NHduIVNZOBOp8AOKgJuVlg=",
          "optional": true
        }
      }
    },
    "lodash._baseassign": {
      "version": "3.2.0",
      "resolved": "http://intouch-mss.kruschecloud.com:80/lodash._baseassign/-/lodash._baseassign-3.2.0.tgz",
      "integrity": "sha1-jDigmVAPIVrQnlnxci/QxSv+Ck4=",
      "requires": {
        "lodash._basecopy": "3.0.1",
        "lodash.keys": "3.1.2"
      }
    },
    "lodash._basecopy": {
      "version": "3.0.1",
      "resolved": "http://intouch-mss.kruschecloud.com:80/lodash._basecopy/-/lodash._basecopy-3.0.1.tgz",
      "integrity": "sha1-jaDmqHbPNEwK2KVIghEd08XHyjY="
    },
    "lodash._basecreate": {
      "version": "3.0.3",
      "resolved": "http://intouch-mss.kruschecloud.com:80/lodash._basecreate/-/lodash._basecreate-3.0.3.tgz",
      "integrity": "sha1-G8ZhYU2qf8MRt9A78WgGoCE8+CE="
    },
    "lodash._getnative": {
      "version": "3.9.1",
      "resolved": "http://intouch-mss.kruschecloud.com:80/lodash._getnative/-/lodash._getnative-3.9.1.tgz",
      "integrity": "sha1-VwvH3t5G1hzc3mh9ZdPuy6o6r/U="
    },
    "lodash._isiterateecall": {
      "version": "3.0.9",
      "resolved": "http://intouch-mss.kruschecloud.com:80/lodash._isiterateecall/-/lodash._isiterateecall-3.0.9.tgz",
      "integrity": "sha1-UgOte6Ql+uhCRg5pbbnPPmqsBXw="
    },
    "lodash.create": {
      "version": "3.1.1",
      "resolved": "http://intouch-mss.kruschecloud.com:80/lodash.create/-/lodash.create-3.1.1.tgz",
      "integrity": "sha1-1/KEnw29p+BGgruM1yqwIkYd6+c=",
      "requires": {
        "lodash._baseassign": "3.2.0",
        "lodash._basecreate": "3.0.3",
        "lodash._isiterateecall": "3.0.9"
      }
    },
    "lodash.isarguments": {
      "version": "3.1.0",
      "resolved": "http://intouch-mss.kruschecloud.com:80/lodash.isarguments/-/lodash.isarguments-3.1.0.tgz",
      "integrity": "sha1-L1c9hcaiQon/AGY7SRwdM4/zRYo="
    },
    "lodash.isarray": {
      "version": "3.0.4",
      "resolved": "http://intouch-mss.kruschecloud.com:80/lodash.isarray/-/lodash.isarray-3.0.4.tgz",
      "integrity": "sha1-eeTriMNqgSKvhvhEqpvNhRtfu1U="
    },
    "lodash.keys": {
      "version": "3.1.2",
      "resolved": "http://intouch-mss.kruschecloud.com:80/lodash.keys/-/lodash.keys-3.1.2.tgz",
      "integrity": "sha1-TbwEcrFWvlCgsoaFXRvQsMZWCYo=",
      "requires": {
        "lodash._getnative": "3.9.1",
        "lodash.isarguments": "3.1.0",
        "lodash.isarray": "3.0.4"
      }
    },
    "minimatch": {
      "version": "https://registry.npmjs.org/minimatch/-/minimatch-3.0.3.tgz",
      "integrity": "sha1-Kk5AkLlrLbBqnX3wEFWmKnfJt3Q=",
      "requires": {
        "brace-expansion": "https://registry.npmjs.org/brace-expansion/-/brace-expansion-1.1.7.tgz"
      }
    },
    "minimist": {
      "version": "0.0.8",
      "resolved": "http://intouch-mss.kruschecloud.com:80/minimist/-/minimist-0.0.8.tgz",
      "integrity": "sha1-hX/Kv8M5fSYluCKCYuhqp6ARsF0="
    },
    "mkdirp": {
      "version": "0.5.1",
      "resolved": "http://intouch-mss.kruschecloud.com:80/mkdirp/-/mkdirp-0.5.1.tgz",
      "integrity": "sha1-MAV0OOrGz3+MR2fzhkjWaX11yQM=",
      "requires": {
        "minimist": "0.0.8"
      }
    },
    "mocha": {
      "version": "3.0.2",
      "resolved": "http://intouch-mss.kruschecloud.com:80/mocha/-/mocha-3.0.2.tgz",
      "integrity": "sha1-Y6l/Phj00+ZZ1HphdnfQiYdFV/A=",
      "requires": {
        "browser-stdout": "1.3.0",
        "commander": "2.9.0",
        "debug": "2.2.0",
        "diff": "1.4.0",
        "escape-string-regexp": "https://registry.npmjs.org/escape-string-regexp/-/escape-string-regexp-1.0.5.tgz",
        "glob": "https://registry.npmjs.org/glob/-/glob-7.0.5.tgz",
        "growl": "1.9.2",
        "json3": "3.3.2",
        "lodash.create": "3.1.1",
        "mkdirp": "0.5.1",
        "supports-color": "3.1.2"
      }
    },
    "mochawesome": {
      "version": "2.3.0",
      "resolved": "http://intouch-mss.kruschecloud.com:80/mochawesome/-/mochawesome-2.3.0.tgz",
      "integrity": "sha1-7kNKb4vbjpv1uZjdE6Fy1ZrLZsk=",
      "requires": {
        "babel-runtime": "6.26.0",
        "chalk": "1.1.3",
        "diff": "3.3.1",
        "json-stringify-safe": "5.0.1",
        "lodash": "4.17.4",
        "mochawesome-report-generator": "2.2.2",
        "strip-ansi": "4.0.0",
        "uuid": "3.1.0"
      },
      "dependencies": {
        "ansi-regex": {
          "version": "2.1.1",
          "resolved": "http://intouch-mss.kruschecloud.com:80/ansi-regex/-/ansi-regex-2.1.1.tgz",
          "integrity": "sha1-w7M6te42DYbg5ijwRorn7yfWVN8="
        },
        "ansi-styles": {
          "version": "2.2.1",
          "resolved": "http://intouch-mss.kruschecloud.com:80/ansi-styles/-/ansi-styles-2.2.1.tgz",
          "integrity": "sha1-tDLdM1i2NM914eRmQ2gkBTPB3b4="
        },
        "asap": {
          "version": "2.0.6",
          "resolved": "http://intouch-mss.kruschecloud.com:80/asap/-/asap-2.0.6.tgz",
          "integrity": "sha1-5QNHYR1+aQlDIIu9r+vLwvuGbUY="
        },
        "babel-runtime": {
          "version": "6.26.0",
          "resolved": "http://intouch-mss.kruschecloud.com:80/babel-runtime/-/babel-runtime-6.26.0.tgz",
          "integrity": "sha1-llxwWGaOgrVde/4E/yM3vItWR/4=",
          "requires": {
            "core-js": "2.5.1",
            "regenerator-runtime": "0.11.0"
          }
        },
        "builtin-modules": {
          "version": "1.1.1",
          "resolved": "http://intouch-mss.kruschecloud.com:80/builtin-modules/-/builtin-modules-1.1.1.tgz",
          "integrity": "sha1-Jw8HbFpywC9bZaR9+Uxf46J4iS8="
        },
        "camelcase": {
          "version": "3.0.0",
          "resolved": "http://intouch-mss.kruschecloud.com:80/camelcase/-/camelcase-3.0.0.tgz",
          "integrity": "sha1-MvxLn82vhF/N9+c7uXysImHwqwo="
        },
        "chalk": {
          "version": "1.1.3",
          "resolved": "http://intouch-mss.kruschecloud.com:80/chalk/-/chalk-1.1.3.tgz",
          "integrity": "sha1-qBFcVeSnAv5NFQq9OHKCKn4J/Jg=",
          "requires": {
            "ansi-styles": "2.2.1",
            "escape-string-regexp": "1.0.5",
            "has-ansi": "2.0.0",
            "strip-ansi": "3.0.1",
            "supports-color": "2.0.0"
          },
          "dependencies": {
            "strip-ansi": {
              "version": "3.0.1",
              "resolved": "http://intouch-mss.kruschecloud.com:80/strip-ansi/-/strip-ansi-3.0.1.tgz",
              "integrity": "sha1-ajhfuIU9lS1f8F0Oiq+UJ43GPc8=",
              "requires": {
                "ansi-regex": "2.1.1"
              }
            }
          }
        },
        "cliui": {
          "version": "3.2.0",
          "resolved": "http://intouch-mss.kruschecloud.com:80/cliui/-/cliui-3.2.0.tgz",
          "integrity": "sha1-EgYBU3qRbSmUD5NNo7SNWFo5IT0=",
          "requires": {
            "string-width": "1.0.2",
            "strip-ansi": "3.0.1",
            "wrap-ansi": "2.1.0"
          },
          "dependencies": {
            "strip-ansi": {
              "version": "3.0.1",
              "resolved": "http://intouch-mss.kruschecloud.com:80/strip-ansi/-/strip-ansi-3.0.1.tgz",
              "integrity": "sha1-ajhfuIU9lS1f8F0Oiq+UJ43GPc8=",
              "requires": {
                "ansi-regex": "2.1.1"
              }
            }
          }
        },
        "code-point-at": {
          "version": "1.1.0",
          "resolved": "http://intouch-mss.kruschecloud.com:80/code-point-at/-/code-point-at-1.1.0.tgz",
          "integrity": "sha1-DQcLTQQ6W+ozovGkDi7bPZpMz3c="
        },
        "core-js": {
          "version": "2.5.1",
          "resolved": "http://intouch-mss.kruschecloud.com:80/core-js/-/core-js-2.5.1.tgz",
          "integrity": "sha1-rmh03GaTd4m4B1T/VCjfZoGcpQs="
        },
        "create-react-class": {
          "version": "15.6.0",
          "resolved": "http://intouch-mss.kruschecloud.com:80/create-react-class/-/create-react-class-15.6.0.tgz",
          "integrity": "sha1-q0SEl8JlZuHilBPogyB9V8/nvtQ=",
          "requires": {
            "fbjs": "0.8.14",
            "loose-envify": "1.3.1",
            "object-assign": "4.1.1"
          }
        },
        "dateformat": {
          "version": "2.0.0",
          "resolved": "http://intouch-mss.kruschecloud.com:80/dateformat/-/dateformat-2.0.0.tgz",
          "integrity": "sha1-J0Pjq7XD/CRi5SfcpEXgTp9N7hc="
        },
        "decamelize": {
          "version": "1.2.0",
          "resolved": "http://intouch-mss.kruschecloud.com:80/decamelize/-/decamelize-1.2.0.tgz",
          "integrity": "sha1-9lNNFRSCabIDUue+4m9QH5oZEpA="
        },
        "diff": {
          "version": "3.3.1",
          "resolved": "http://intouch-mss.kruschecloud.com:80/diff/-/diff-3.3.1.tgz",
          "integrity": "sha512-MKPHZDMB0o6yHyDryUOScqZibp914ksXwAMYMTHj6KO8UeKsRYNJD3oNCKjTqZon+V488P7N/HzXF8t7ZR95ww=="
        },
        "encoding": {
          "version": "0.1.12",
          "resolved": "http://intouch-mss.kruschecloud.com:80/encoding/-/encoding-0.1.12.tgz",
          "integrity": "sha1-U4tm8+5izRq1HsMjgp0flIDHS+s=",
          "requires": {
            "iconv-lite": "0.4.18"
          }
        },
        "error-ex": {
          "version": "1.3.1",
          "resolved": "http://intouch-mss.kruschecloud.com:80/error-ex/-/error-ex-1.3.1.tgz",
          "integrity": "sha1-+FWobOYa3E6GIcPNoh56dhLDqNw=",
          "requires": {
            "is-arrayish": "0.2.1"
          }
        },
        "escape-string-regexp": {
          "version": "1.0.5",
          "resolved": "http://intouch-mss.kruschecloud.com:80/escape-string-regexp/-/escape-string-regexp-1.0.5.tgz",
          "integrity": "sha1-G2HAViGQqN/2rjuyzwIAyhMLhtQ="
        },
        "fbjs": {
          "version": "0.8.14",
          "resolved": "http://intouch-mss.kruschecloud.com:80/fbjs/-/fbjs-0.8.14.tgz",
          "integrity": "sha1-0dviviVMNakeCfMfnNUKQLKg7Rw=",
          "requires": {
            "core-js": "1.2.7",
            "isomorphic-fetch": "2.2.1",
            "loose-envify": "1.3.1",
            "object-assign": "4.1.1",
            "promise": "7.3.1",
            "setimmediate": "1.0.5",
            "ua-parser-js": "0.7.14"
          },
          "dependencies": {
            "core-js": {
              "version": "1.2.7",
              "resolved": "http://intouch-mss.kruschecloud.com:80/core-js/-/core-js-1.2.7.tgz",
              "integrity": "sha1-ZSKUwUZR2yj6k70tX/KYOk8IxjY="
            }
          }
        },
        "find-up": {
          "version": "1.1.2",
          "resolved": "http://intouch-mss.kruschecloud.com:80/find-up/-/find-up-1.1.2.tgz",
          "integrity": "sha1-ay6YIrGizgpgq2TWEOzK1TyyTQ8=",
          "requires": {
            "path-exists": "2.1.0",
            "pinkie-promise": "2.0.1"
          }
        },
        "fsu": {
          "version": "1.0.4",
          "resolved": "http://intouch-mss.kruschecloud.com:80/fsu/-/fsu-1.0.4.tgz",
          "integrity": "sha512-T8DGjqL3DNJsA/uHWUTIZhJ/VuEqi3QdNsQBAWpKtoIPS/8rK4HWG79ae2+HEw+Cz9e5lIsWghpoXCcNsrDPFA=="
        },
        "get-caller-file": {
          "version": "1.0.2",
          "resolved": "http://intouch-mss.kruschecloud.com:80/get-caller-file/-/get-caller-file-1.0.2.tgz",
          "integrity": "sha1-9wLmMSfn4jHBYKgMFVSstw1QR+U="
        },
        "graceful-fs": {
          "version": "4.1.11",
          "resolved": "http://intouch-mss.kruschecloud.com:80/graceful-fs/-/graceful-fs-4.1.11.tgz",
          "integrity": "sha1-Dovf5NHduIVNZOBOp8AOKgJuVlg="
        },
        "has-ansi": {
          "version": "2.0.0",
          "resolved": "http://intouch-mss.kruschecloud.com:80/has-ansi/-/has-ansi-2.0.0.tgz",
          "integrity": "sha1-NPUEnOHs3ysGSa8+8k5F7TVBbZE=",
          "requires": {
            "ansi-regex": "2.1.1"
          }
        },
        "hosted-git-info": {
          "version": "2.5.0",
          "resolved": "http://intouch-mss.kruschecloud.com:80/hosted-git-info/-/hosted-git-info-2.5.0.tgz",
          "integrity": "sha512-pNgbURSuab90KbTqvRPsseaTxOJCZBD0a7t+haSN33piP9cCM4l0CqdzAif2hUqm716UovKB2ROmiabGAKVXyg=="
        },
        "iconv-lite": {
          "version": "0.4.18",
          "resolved": "http://intouch-mss.kruschecloud.com:80/iconv-lite/-/iconv-lite-0.4.18.tgz",
          "integrity": "sha512-sr1ZQph3UwHTR0XftSbK85OvBbxe/abLGzEnPENCQwmHf7sck8Oyu4ob3LgBxWWxRoM+QszeUyl7jbqapu2TqA=="
        },
        "invert-kv": {
          "version": "1.0.0",
          "resolved": "http://intouch-mss.kruschecloud.com:80/invert-kv/-/invert-kv-1.0.0.tgz",
          "integrity": "sha1-EEqOSqym09jNFXqO+L+rLXo//bY="
        },
        "is-arrayish": {
          "version": "0.2.1",
          "resolved": "http://intouch-mss.kruschecloud.com:80/is-arrayish/-/is-arrayish-0.2.1.tgz",
          "integrity": "sha1-d8mYQFJ6qOyxqLppe4BkWnqSap0="
        },
        "is-builtin-module": {
          "version": "1.0.0",
          "resolved": "http://intouch-mss.kruschecloud.com:80/is-builtin-module/-/is-builtin-module-1.0.0.tgz",
          "integrity": "sha1-VAVy0096wxGfj3bDDLwbHgN6/74=",
          "requires": {
            "builtin-modules": "1.1.1"
          }
        },
        "is-fullwidth-code-point": {
          "version": "1.0.0",
          "resolved": "http://intouch-mss.kruschecloud.com:80/is-fullwidth-code-point/-/is-fullwidth-code-point-1.0.0.tgz",
          "integrity": "sha1-754xOG8DGn8NZDr4L95QxFfvAMs=",
          "requires": {
            "number-is-nan": "1.0.1"
          }
        },
        "is-stream": {
          "version": "1.1.0",
          "resolved": "http://intouch-mss.kruschecloud.com:80/is-stream/-/is-stream-1.1.0.tgz",
          "integrity": "sha1-EtSj3U5o4Lec6428hBc66A2RykQ="
        },
        "is-utf8": {
          "version": "0.2.1",
          "resolved": "http://intouch-mss.kruschecloud.com:80/is-utf8/-/is-utf8-0.2.1.tgz",
          "integrity": "sha1-Sw2hRCEE0bM2NA6AeX6GXPOffXI="
        },
        "isomorphic-fetch": {
          "version": "2.2.1",
          "resolved": "http://intouch-mss.kruschecloud.com:80/isomorphic-fetch/-/isomorphic-fetch-2.2.1.tgz",
          "integrity": "sha1-YRrhrPFPXoH3KVB0coGf6XM1WKk=",
          "requires": {
            "node-fetch": "1.7.2",
            "whatwg-fetch": "2.0.3"
          }
        },
        "js-tokens": {
          "version": "3.0.2",
          "resolved": "http://intouch-mss.kruschecloud.com:80/js-tokens/-/js-tokens-3.0.2.tgz",
          "integrity": "sha1-mGbfOVECEw449/mWvOtlRDIJwls="
        },
        "json-stringify-safe": {
          "version": "5.0.1",
          "resolved": "http://intouch-mss.kruschecloud.com:80/json-stringify-safe/-/json-stringify-safe-5.0.1.tgz",
          "integrity": "sha1-Epai1Y/UXxmg9s4B1lcB4sc1tus="
        },
        "lcid": {
          "version": "1.0.0",
          "resolved": "http://intouch-mss.kruschecloud.com:80/lcid/-/lcid-1.0.0.tgz",
          "integrity": "sha1-MIrMr6C8SDo4Z7S28rlQYlHRuDU=",
          "requires": {
            "invert-kv": "1.0.0"
          }
        },
        "load-json-file": {
          "version": "1.1.0",
          "resolved": "http://intouch-mss.kruschecloud.com:80/load-json-file/-/load-json-file-1.1.0.tgz",
          "integrity": "sha1-lWkFcI1YtLq0wiYbBPWfMcmTdMA=",
          "requires": {
            "graceful-fs": "4.1.11",
            "parse-json": "2.2.0",
            "pify": "2.3.0",
            "pinkie-promise": "2.0.1",
            "strip-bom": "2.0.0"
          }
        },
        "lodash": {
          "version": "4.17.4",
          "resolved": "http://intouch-mss.kruschecloud.com:80/lodash/-/lodash-4.17.4.tgz",
          "integrity": "sha1-eCA6TRwyiuHYbcpkYONptX9AVa4="
        },
        "lodash.isfunction": {
          "version": "3.0.8",
          "resolved": "http://intouch-mss.kruschecloud.com:80/lodash.isfunction/-/lodash.isfunction-3.0.8.tgz",
          "integrity": "sha1-TbcJ/IG8So/XEnpFilNGxc3OLGs="
        },
        "loose-envify": {
          "version": "1.3.1",
          "resolved": "http://intouch-mss.kruschecloud.com:80/loose-envify/-/loose-envify-1.3.1.tgz",
          "integrity": "sha1-0aitM/qc4OcT1l/dCsi3SNR4yEg=",
          "requires": {
            "js-tokens": "3.0.2"
          }
        },
        "mochawesome-report-generator": {
          "version": "2.2.2",
          "resolved": "http://intouch-mss.kruschecloud.com:80/mochawesome-report-generator/-/mochawesome-report-generator-2.2.2.tgz",
          "integrity": "sha1-UuY75k0d12NYqt7vfVzR4D54O4c=",
          "requires": {
            "chalk": "1.1.3",
            "dateformat": "2.0.0",
            "fs-extra": "3.0.1",
            "fsu": "1.0.4",
            "lodash.isfunction": "3.0.8",
            "opener": "1.4.3",
            "prop-types": "15.5.10",
            "react": "15.6.1",
            "react-dom": "15.6.1",
            "tcomb": "3.2.23",
            "tcomb-validation": "3.4.1",
            "validator": "7.2.0",
            "yargs": "7.1.0"
          }
        },
        "node-fetch": {
          "version": "1.7.2",
          "resolved": "http://intouch-mss.kruschecloud.com:80/node-fetch/-/node-fetch-1.7.2.tgz",
          "integrity": "sha512-xZZUq2yDhKMIn/UgG5q//IZSNLJIwW2QxS14CNH5spuiXkITM2pUitjdq58yLSaU7m4M0wBNaM2Gh/ggY4YJig==",
          "requires": {
            "encoding": "0.1.12",
            "is-stream": "1.1.0"
          }
        },
        "normalize-package-data": {
          "version": "2.4.0",
          "resolved": "http://intouch-mss.kruschecloud.com:80/normalize-package-data/-/normalize-package-data-2.4.0.tgz",
          "integrity": "sha512-9jjUFbTPfEy3R/ad/2oNbKtW9Hgovl5O1FvFWKkKblNXoN/Oou6+9+KKohPK13Yc3/TyunyWhJp6gvRNR/PPAw==",
          "requires": {
            "hosted-git-info": "2.5.0",
            "is-builtin-module": "1.0.0",
            "semver": "5.4.1",
            "validate-npm-package-license": "3.0.1"
          }
        },
        "number-is-nan": {
          "version": "1.0.1",
          "resolved": "http://intouch-mss.kruschecloud.com:80/number-is-nan/-/number-is-nan-1.0.1.tgz",
          "integrity": "sha1-CXtgK1NCKlIsGvuHkDGDNpQaAR0="
        },
        "object-assign": {
          "version": "4.1.1",
          "resolved": "http://intouch-mss.kruschecloud.com:80/object-assign/-/object-assign-4.1.1.tgz",
          "integrity": "sha1-IQmtx5ZYh8/AXLvUQsrIv7s2CGM="
        },
        "opener": {
          "version": "1.4.3",
          "resolved": "http://intouch-mss.kruschecloud.com:80/opener/-/opener-1.4.3.tgz",
          "integrity": "sha1-XG2ixdflgx6P+jlklQ+NZnSskLg="
        },
        "os-locale": {
          "version": "1.4.0",
          "resolved": "http://intouch-mss.kruschecloud.com:80/os-locale/-/os-locale-1.4.0.tgz",
          "integrity": "sha1-IPnxeuKe00XoveWDsT0gCYA8FNk=",
          "requires": {
            "lcid": "1.0.0"
          }
        },
        "parse-json": {
          "version": "2.2.0",
          "resolved": "http://intouch-mss.kruschecloud.com:80/parse-json/-/parse-json-2.2.0.tgz",
          "integrity": "sha1-9ID0BDTvgHQfhGkJn43qGPVaTck=",
          "requires": {
            "error-ex": "1.3.1"
          }
        },
        "path-exists": {
          "version": "2.1.0",
          "resolved": "http://intouch-mss.kruschecloud.com:80/path-exists/-/path-exists-2.1.0.tgz",
          "integrity": "sha1-D+tsZPD8UY2adU3V77YscCJ2H0s=",
          "requires": {
            "pinkie-promise": "2.0.1"
          }
        },
        "path-type": {
          "version": "1.1.0",
          "resolved": "http://intouch-mss.kruschecloud.com:80/path-type/-/path-type-1.1.0.tgz",
          "integrity": "sha1-WcRPfuSR2nBNpBXaWkBwuk+P5EE=",
          "requires": {
            "graceful-fs": "4.1.11",
            "pify": "2.3.0",
            "pinkie-promise": "2.0.1"
          }
        },
        "pify": {
          "version": "2.3.0",
          "resolved": "http://intouch-mss.kruschecloud.com:80/pify/-/pify-2.3.0.tgz",
          "integrity": "sha1-7RQaasBDqEnqWISY59yosVMw6Qw="
        },
        "pinkie": {
          "version": "2.0.4",
          "resolved": "http://intouch-mss.kruschecloud.com:80/pinkie/-/pinkie-2.0.4.tgz",
          "integrity": "sha1-clVrgM+g1IqXToDnckjoDtT3+HA="
        },
        "pinkie-promise": {
          "version": "2.0.1",
          "resolved": "http://intouch-mss.kruschecloud.com:80/pinkie-promise/-/pinkie-promise-2.0.1.tgz",
          "integrity": "sha1-ITXW36ejWMBprJsXh3YogihFD/o=",
          "requires": {
            "pinkie": "2.0.4"
          }
        },
        "promise": {
          "version": "7.3.1",
          "resolved": "http://intouch-mss.kruschecloud.com:80/promise/-/promise-7.3.1.tgz",
          "integrity": "sha512-nolQXZ/4L+bP/UGlkfaIujX9BKxGwmQ9OT4mOt5yvy8iK1h3wqTEJCijzGANTCCl9nWjY41juyAn2K3Q1hLLTg==",
          "requires": {
            "asap": "2.0.6"
          }
        },
        "prop-types": {
          "version": "15.5.10",
          "resolved": "http://intouch-mss.kruschecloud.com:80/prop-types/-/prop-types-15.5.10.tgz",
          "integrity": "sha1-J5ffwxJhguOpXj37suiT3ddFYVQ=",
          "requires": {
            "fbjs": "0.8.14",
            "loose-envify": "1.3.1"
          }
        },
        "react": {
          "version": "15.6.1",
          "resolved": "http://intouch-mss.kruschecloud.com:80/react/-/react-15.6.1.tgz",
          "integrity": "sha1-uqhDTsZ4C96ZfNw4C3nNM7ljk98=",
          "requires": {
            "create-react-class": "15.6.0",
            "fbjs": "0.8.14",
            "loose-envify": "1.3.1",
            "object-assign": "4.1.1",
            "prop-types": "15.5.10"
          }
        },
        "react-dom": {
          "version": "15.6.1",
          "resolved": "http://intouch-mss.kruschecloud.com:80/react-dom/-/react-dom-15.6.1.tgz",
          "integrity": "sha1-LLDtQZEDjlPCCes6eaI+Kkz5lHA=",
          "requires": {
            "fbjs": "0.8.14",
            "loose-envify": "1.3.1",
            "object-assign": "4.1.1",
            "prop-types": "15.5.10"
          }
        },
        "read-pkg": {
          "version": "1.1.0",
          "resolved": "http://intouch-mss.kruschecloud.com:80/read-pkg/-/read-pkg-1.1.0.tgz",
          "integrity": "sha1-9f+qXs0pyzHAR0vKfXVra7KePyg=",
          "requires": {
            "load-json-file": "1.1.0",
            "normalize-package-data": "2.4.0",
            "path-type": "1.1.0"
          }
        },
        "read-pkg-up": {
          "version": "1.0.1",
          "resolved": "http://intouch-mss.kruschecloud.com:80/read-pkg-up/-/read-pkg-up-1.0.1.tgz",
          "integrity": "sha1-nWPBMnbAZZGNV/ACpX9AobZD+wI=",
          "requires": {
            "find-up": "1.1.2",
            "read-pkg": "1.1.0"
          }
        },
        "regenerator-runtime": {
          "version": "0.11.0",
          "resolved": "http://intouch-mss.kruschecloud.com:80/regenerator-runtime/-/regenerator-runtime-0.11.0.tgz",
          "integrity": "sha512-/aA0kLeRb5N9K0d4fw7ooEbI+xDe+DKD499EQqygGqeS8N3xto15p09uY2xj7ixP81sNPXvRLnAQIqdVStgb1A=="
        },
        "require-directory": {
          "version": "2.1.1",
          "resolved": "http://intouch-mss.kruschecloud.com:80/require-directory/-/require-directory-2.1.1.tgz",
          "integrity": "sha1-jGStX9MNqxyXbiNE/+f3kqam30I="
        },
        "require-main-filename": {
          "version": "1.0.1",
          "resolved": "http://intouch-mss.kruschecloud.com:80/require-main-filename/-/require-main-filename-1.0.1.tgz",
          "integrity": "sha1-l/cXtp1IeE9fUmpsWqj/3aBVpNE="
        },
        "semver": {
          "version": "5.4.1",
          "resolved": "http://intouch-mss.kruschecloud.com:80/semver/-/semver-5.4.1.tgz",
          "integrity": "sha512-WfG/X9+oATh81XtllIo/I8gOiY9EXRdv1cQdyykeXK17YcUW3EXUAi2To4pcH6nZtJPr7ZOpM5OMyWJZm+8Rsg=="
        },
        "set-blocking": {
          "version": "2.0.0",
          "resolved": "http://intouch-mss.kruschecloud.com:80/set-blocking/-/set-blocking-2.0.0.tgz",
          "integrity": "sha1-BF+XgtARrppoA93TgrJDkrPYkPc="
        },
        "setimmediate": {
          "version": "1.0.5",
          "resolved": "http://intouch-mss.kruschecloud.com:80/setimmediate/-/setimmediate-1.0.5.tgz",
          "integrity": "sha1-KQy7Iy4waULX1+qbg3Mqt4VvgoU="
        },
        "spdx-correct": {
          "version": "1.0.2",
          "resolved": "http://intouch-mss.kruschecloud.com:80/spdx-correct/-/spdx-correct-1.0.2.tgz",
          "integrity": "sha1-SzBz2TP/UfORLwOsVRlJikFQ20A=",
          "requires": {
            "spdx-license-ids": "1.2.2"
          }
        },
        "spdx-expression-parse": {
          "version": "1.0.4",
          "resolved": "http://intouch-mss.kruschecloud.com:80/spdx-expression-parse/-/spdx-expression-parse-1.0.4.tgz",
          "integrity": "sha1-m98vIOH0DtRH++JzJmGR/O1RYmw="
        },
        "spdx-license-ids": {
          "version": "1.2.2",
          "resolved": "http://intouch-mss.kruschecloud.com:80/spdx-license-ids/-/spdx-license-ids-1.2.2.tgz",
          "integrity": "sha1-yd96NCRZSt5r0RkA1ZZpbcBrrFc="
        },
        "string-width": {
          "version": "1.0.2",
          "resolved": "http://intouch-mss.kruschecloud.com:80/string-width/-/string-width-1.0.2.tgz",
          "integrity": "sha1-EYvfW4zcUaKn5w0hHgfisLmxB9M=",
          "requires": {
            "code-point-at": "1.1.0",
            "is-fullwidth-code-point": "1.0.0",
            "strip-ansi": "3.0.1"
          },
          "dependencies": {
            "strip-ansi": {
              "version": "3.0.1",
              "resolved": "http://intouch-mss.kruschecloud.com:80/strip-ansi/-/strip-ansi-3.0.1.tgz",
              "integrity": "sha1-ajhfuIU9lS1f8F0Oiq+UJ43GPc8=",
              "requires": {
                "ansi-regex": "2.1.1"
              }
            }
          }
        },
        "strip-ansi": {
          "version": "4.0.0",
          "resolved": "http://intouch-mss.kruschecloud.com:80/strip-ansi/-/strip-ansi-4.0.0.tgz",
          "integrity": "sha1-qEeQIusaw2iocTibY1JixQXuNo8=",
          "requires": {
            "ansi-regex": "3.0.0"
          },
          "dependencies": {
            "ansi-regex": {
              "version": "3.0.0",
              "resolved": "http://intouch-mss.kruschecloud.com:80/ansi-regex/-/ansi-regex-3.0.0.tgz",
              "integrity": "sha1-7QMXwyIGT3lGbAKWa922Bas32Zg="
            }
          }
        },
        "strip-bom": {
          "version": "2.0.0",
          "resolved": "http://intouch-mss.kruschecloud.com:80/strip-bom/-/strip-bom-2.0.0.tgz",
          "integrity": "sha1-YhmoVhZSBJHzV4i9vxRHqZx+aw4=",
          "requires": {
            "is-utf8": "0.2.1"
          }
        },
        "supports-color": {
          "version": "2.0.0",
          "resolved": "http://intouch-mss.kruschecloud.com:80/supports-color/-/supports-color-2.0.0.tgz",
          "integrity": "sha1-U10EXOa2Nj+kARcIRimZXp3zJMc="
        },
        "tcomb": {
          "version": "3.2.23",
          "resolved": "http://intouch-mss.kruschecloud.com:80/tcomb/-/tcomb-3.2.23.tgz",
          "integrity": "sha512-aaKd6EFSLPhocAWjdPP50xGAwmU3gIVfGZP2tmDRKvSaGXycOKsDmQj2sdQ5RLzwESVdyNYhKzFD6nQZEuFAtw=="
        },
        "tcomb-validation": {
          "version": "3.4.1",
          "resolved": "http://intouch-mss.kruschecloud.com:80/tcomb-validation/-/tcomb-validation-3.4.1.tgz",
          "integrity": "sha512-urVVMQOma4RXwiVCa2nM2eqrAomHROHvWPuj6UkDGz/eb5kcy0x6P0dVt6kzpUZtYMNoAqJLWmz1BPtxrtjtrA==",
          "requires": {
            "tcomb": "3.2.23"
          }
        },
        "ua-parser-js": {
          "version": "0.7.14",
          "resolved": "http://intouch-mss.kruschecloud.com:80/ua-parser-js/-/ua-parser-js-0.7.14.tgz",
          "integrity": "sha1-EQ1T+kw/MmwSEpK76skE0uAzh8o="
        },
        "validate-npm-package-license": {
          "version": "3.0.1",
          "resolved": "http://intouch-mss.kruschecloud.com:80/validate-npm-package-license/-/validate-npm-package-license-3.0.1.tgz",
          "integrity": "sha1-KAS6vnEq0zeUWaz74kdGqywwP7w=",
          "requires": {
            "spdx-correct": "1.0.2",
            "spdx-expression-parse": "1.0.4"
          }
        },
        "validator": {
          "version": "7.2.0",
          "resolved": "http://intouch-mss.kruschecloud.com:80/validator/-/validator-7.2.0.tgz",
          "integrity": "sha512-c8NGTUYeBEcUIGeMppmNVKHE7wwfm3mYbNZxV+c5mlv9fDHI7Ad3p07qfNrn/CvpdkK2k61fOLRO2sTEhgQXmg=="
        },
        "whatwg-fetch": {
          "version": "2.0.3",
          "resolved": "http://intouch-mss.kruschecloud.com:80/whatwg-fetch/-/whatwg-fetch-2.0.3.tgz",
          "integrity": "sha1-nITsLc9oGH/wC8ZOEnS0QhduHIQ="
        },
        "which-module": {
          "version": "1.0.0",
          "resolved": "http://intouch-mss.kruschecloud.com:80/which-module/-/which-module-1.0.0.tgz",
          "integrity": "sha1-u6Y8qGGUiZT/MHc2CJ47lgJsKk8="
        },
        "wrap-ansi": {
          "version": "2.1.0",
          "resolved": "http://intouch-mss.kruschecloud.com:80/wrap-ansi/-/wrap-ansi-2.1.0.tgz",
          "integrity": "sha1-2Pw9KE3QV5T+hJc8rs3Rz4JP3YU=",
          "requires": {
            "string-width": "1.0.2",
            "strip-ansi": "3.0.1"
          },
          "dependencies": {
            "strip-ansi": {
              "version": "3.0.1",
              "resolved": "http://intouch-mss.kruschecloud.com:80/strip-ansi/-/strip-ansi-3.0.1.tgz",
              "integrity": "sha1-ajhfuIU9lS1f8F0Oiq+UJ43GPc8=",
              "requires": {
                "ansi-regex": "2.1.1"
              }
            }
          }
        },
        "y18n": {
          "version": "3.2.1",
          "resolved": "http://intouch-mss.kruschecloud.com:80/y18n/-/y18n-3.2.1.tgz",
          "integrity": "sha1-bRX7qITAhnnA136I53WegR4H+kE="
        },
        "yargs": {
          "version": "7.1.0",
          "resolved": "http://intouch-mss.kruschecloud.com:80/yargs/-/yargs-7.1.0.tgz",
          "integrity": "sha1-a6MY6xaWFyf10oT46gA+jWFU0Mg=",
          "requires": {
            "camelcase": "3.0.0",
            "cliui": "3.2.0",
            "decamelize": "1.2.0",
            "get-caller-file": "1.0.2",
            "os-locale": "1.4.0",
            "read-pkg-up": "1.0.1",
            "require-directory": "2.1.1",
            "require-main-filename": "1.0.1",
            "set-blocking": "2.0.0",
            "string-width": "1.0.2",
            "which-module": "1.0.0",
            "y18n": "3.2.1",
            "yargs-parser": "5.0.0"
          }
        },
        "yargs-parser": {
          "version": "5.0.0",
          "resolved": "http://intouch-mss.kruschecloud.com:80/yargs-parser/-/yargs-parser-5.0.0.tgz",
          "integrity": "sha1-J17PDX/+Bcd+ZOfIbkzZS/DhIoo=",
          "requires": {
            "camelcase": "3.0.0"
          }
        }
      }
    },
    "ms": {
      "version": "0.7.1",
      "resolved": "http://intouch-mss.kruschecloud.com:80/ms/-/ms-0.7.1.tgz",
      "integrity": "sha1-nNE8A62/8ltl7/3nzoZO6VIBcJg="
    },
    "once": {
      "version": "https://registry.npmjs.org/once/-/once-1.4.0.tgz",
      "integrity": "sha1-WDsap3WWHUsROsF9nFC6753Xa9E=",
      "requires": {
        "wrappy": "https://registry.npmjs.org/wrappy/-/wrappy-1.0.2.tgz"
      }
    },
    "path-is-absolute": {
      "version": "https://registry.npmjs.org/path-is-absolute/-/path-is-absolute-1.0.1.tgz",
      "integrity": "sha1-F0uSaHNVNP+8es5r9TpanhtcX18="
    },
    "pathval": {
      "version": "1.1.0",
      "resolved": "http://intouch-mss.kruschecloud.com:80/pathval/-/pathval-1.1.0.tgz",
      "integrity": "sha1-uULm1L3mUwBe9rcTYd74cn0GReA="
    },
    "selenium-webdriver": {
      "version": "3.3.0",
      "resolved": "http://intouch-mss.kruschecloud.com:80/selenium-webdriver/-/selenium-webdriver-3.3.0.tgz",
      "integrity": "sha1-8U2bBM7pSV1ChNIhBbGJuDBczKE=",
      "requires": {
        "adm-zip": "0.4.7",
        "rimraf": "2.6.1",
        "tmp": "0.0.30",
        "xml2js": "0.4.19"
      },
      "dependencies": {
        "adm-zip": {
          "version": "0.4.7",
          "resolved": "http://intouch-mss.kruschecloud.com:80/adm-zip/-/adm-zip-0.4.7.tgz",
          "integrity": "sha1-hgbCy/HEJs6MjsABdER/1Jtur8E="
        },
        "balanced-match": {
          "version": "1.0.0",
          "resolved": "http://intouch-mss.kruschecloud.com:80/balanced-match/-/balanced-match-1.0.0.tgz",
          "integrity": "sha1-ibTRmasr7kneFk6gK4nORi1xt2c="
        },
        "brace-expansion": {
          "version": "1.1.8",
          "resolved": "http://intouch-mss.kruschecloud.com:80/brace-expansion/-/brace-expansion-1.1.8.tgz",
          "integrity": "sha1-wHshHHyVLsH479Uad+8NHTmQopI=",
          "requires": {
            "balanced-match": "1.0.0",
            "concat-map": "0.0.1"
          }
        },
        "concat-map": {
          "version": "0.0.1",
          "resolved": "http://intouch-mss.kruschecloud.com:80/concat-map/-/concat-map-0.0.1.tgz",
          "integrity": "sha1-2Klr13/Wjfd5OnMDajug1UBdR3s="
        },
        "fs.realpath": {
          "version": "1.0.0",
          "resolved": "http://intouch-mss.kruschecloud.com:80/fs.realpath/-/fs.realpath-1.0.0.tgz",
          "integrity": "sha1-FQStJSMVjKpA20onh8sBQRmU6k8="
        },
        "glob": {
          "version": "7.1.2",
          "resolved": "http://intouch-mss.kruschecloud.com:80/glob/-/glob-7.1.2.tgz",
          "integrity": "sha512-MJTUg1kjuLeQCJ+ccE4Vpa6kKVXkPYJ2mOCQyUuKLcLQsdrMCpBPUi8qVE6+YuaJkozeA9NusTAw3hLr8Xe5EQ==",
          "requires": {
            "fs.realpath": "1.0.0",
            "inflight": "1.0.6",
            "inherits": "2.0.3",
            "minimatch": "3.0.4",
            "once": "1.4.0",
            "path-is-absolute": "1.0.1"
          }
        },
        "inflight": {
          "version": "1.0.6",
          "resolved": "http://intouch-mss.kruschecloud.com:80/inflight/-/inflight-1.0.6.tgz",
          "integrity": "sha1-Sb1jMdfQLQwJvJEKEHW6gWW1bfk=",
          "requires": {
            "once": "1.4.0",
            "wrappy": "1.0.2"
          }
        },
        "inherits": {
          "version": "2.0.3",
          "resolved": "http://intouch-mss.kruschecloud.com:80/inherits/-/inherits-2.0.3.tgz",
          "integrity": "sha1-Yzwsg+PaQqUC9SRmAiSA9CCCYd4="
        },
        "minimatch": {
          "version": "3.0.4",
          "resolved": "http://intouch-mss.kruschecloud.com:80/minimatch/-/minimatch-3.0.4.tgz",
          "integrity": "sha512-yJHVQEhyqPLUTgt9B83PXu6W3rx4MvvHvSUvToogpwoGDOUQ+yDrR0HRot+yOCdCO7u4hX3pWft6kWBBcqh0UA==",
          "requires": {
            "brace-expansion": "1.1.8"
          }
        },
        "once": {
          "version": "1.4.0",
          "resolved": "http://intouch-mss.kruschecloud.com:80/once/-/once-1.4.0.tgz",
          "integrity": "sha1-WDsap3WWHUsROsF9nFC6753Xa9E=",
          "requires": {
            "wrappy": "1.0.2"
          }
        },
        "os-tmpdir": {
          "version": "1.0.2",
          "resolved": "http://intouch-mss.kruschecloud.com:80/os-tmpdir/-/os-tmpdir-1.0.2.tgz",
          "integrity": "sha1-u+Z0BseaqFxc/sdm/lc0VV36EnQ="
        },
        "path-is-absolute": {
          "version": "1.0.1",
          "resolved": "http://intouch-mss.kruschecloud.com:80/path-is-absolute/-/path-is-absolute-1.0.1.tgz",
          "integrity": "sha1-F0uSaHNVNP+8es5r9TpanhtcX18="
        },
        "rimraf": {
          "version": "2.6.1",
          "resolved": "http://intouch-mss.kruschecloud.com:80/rimraf/-/rimraf-2.6.1.tgz",
          "integrity": "sha1-wjOOxkPfeht/5cVPqG9XQopV8z0=",
          "requires": {
            "glob": "7.1.2"
          }
        },
        "sax": {
          "version": "1.2.4",
          "resolved": "http://intouch-mss.kruschecloud.com:80/sax/-/sax-1.2.4.tgz",
          "integrity": "sha512-NqVDv9TpANUjFm0N8uM5GxL36UgKi9/atZw+x7YFnQ8ckwFGKrl4xX4yWtrey3UJm5nP1kUbnYgLopqWNSRhWw=="
        },
        "tmp": {
          "version": "0.0.30",
          "resolved": "http://intouch-mss.kruschecloud.com:80/tmp/-/tmp-0.0.30.tgz",
          "integrity": "sha1-ckGdSovn1s51FI/YsyTlk6cRwu0=",
          "requires": {
            "os-tmpdir": "1.0.2"
          }
        },
        "wrappy": {
          "version": "1.0.2",
          "resolved": "http://intouch-mss.kruschecloud.com:80/wrappy/-/wrappy-1.0.2.tgz",
          "integrity": "sha1-tSQ9jz7BqjXxNkYFvA0QNuMKtp8="
        },
        "xml2js": {
          "version": "0.4.19",
          "resolved": "http://intouch-mss.kruschecloud.com:80/xml2js/-/xml2js-0.4.19.tgz",
          "integrity": "sha512-esZnJZJOiJR9wWKMyuvSE1y6Dq5LCuJanqhxslH2bxM6duahNZ+HMpCLhBQGZkbX6xRf8x1Y2eJlgt2q3qo49Q==",
          "requires": {
            "sax": "1.2.4",
            "xmlbuilder": "9.0.4"
          }
        },
        "xmlbuilder": {
          "version": "9.0.4",
          "resolved": "http://intouch-mss.kruschecloud.com:80/xmlbuilder/-/xmlbuilder-9.0.4.tgz",
          "integrity": "sha1-UZy0ymhtAFqEINNJbz8MruzKWA8="
        }
      }
    },
    "supports-color": {
      "version": "3.1.2",
      "resolved": "http://intouch-mss.kruschecloud.com:80/supports-color/-/supports-color-3.1.2.tgz",
      "integrity": "sha1-cqJiiU2dQIuVbKBf83su2KbiotU=",
      "requires": {
        "has-flag": "1.0.0"
      }
    },
    "type-detect": {
      "version": "4.0.3",
      "resolved": "http://intouch-mss.kruschecloud.com:80/type-detect/-/type-detect-4.0.3.tgz",
      "integrity": "sha1-Dj8mcLRAmbC0bChNE2p+9Jx0wuo="
    },
    "uuid": {
      "version": "3.1.0",
      "resolved": "http://intouch-mss.kruschecloud.com:80/uuid/-/uuid-3.1.0.tgz",
      "integrity": "sha512-DIWtzUkw04M4k3bf1IcpS2tngXEL26YUD2M0tMDUpnUrz2hgzUBlD55a4FjdLGPvfHxS6uluGWvaVEqgBcVa+g=="
    },
    "wrappy": {
      "version": "https://registry.npmjs.org/wrappy/-/wrappy-1.0.2.tgz",
      "integrity": "sha1-tSQ9jz7BqjXxNkYFvA0QNuMKtp8="
    }
  }
}
